
Microsoft Visual Studio Solution File, Format Version 12.00
# Visual Studio Version 17
VisualStudioVersion = 17.14.36518.9 d17.14
MinimumVisualStudioVersion = 10.0.40219.1
Project("{8BC9CEB8-8B4A-11D0-8D11-00A0C91BC942}") = "Ex1 Test ChatGPT", "Ex1 Test ChatGPT.vcxproj", "{FAD72453-48E0-4C24-A254-8C23617DD469}"
EndProject
Global
	GlobalSection(SolutionConfigurationPlatforms) = preSolution
		Debug|x64 = Debug|x64
		Debug|x86 = Debug|x86
		Release|x64 = Release|x64
		Release|x86 = Release|x86
	EndGlobalSection
	GlobalSection(ProjectConfigurationPlatforms) = postSolution
		{FAD72453-48E0-4C24-A254-8C23617DD469}.Debug|x64.ActiveCfg = Debug|x64
		{FAD72453-48E0-4C24-A254-8C23617DD469}.Debug|x64.Build.0 = Debug|x64
		{FAD72453-48E0-4C24-A254-8C23617DD469}.Debug|x86.ActiveCfg = Debug|Win32
		{FAD72453-48E0-4C24-A254-8C23617DD469}.Debug|x86.Build.0 = Debug|Win32
		{FAD72453-48E0-4C24-A254-8C23617DD469}.Release|x64.ActiveCfg = Release|x64
		{FAD72453-48E0-4C24-A254-8C23617DD469}.Release|x64.Build.0 = Release|x64
		{FAD72453-48E0-4C24-A254-8C23617DD469}.Release|x86.ActiveCfg = Release|Win32
		{FAD72453-48E0-4C24-A254-8C23617DD469}.Release|x86.Build.0 = Release|Win32
	EndGlobalSection
	GlobalSection(SolutionProperties) = preSolution
		HideSolutionNode = FALSE
	EndGlobalSection
	GlobalSection(ExtensibilityGlobals) = postSolution
		SolutionGuid = {DD2914BE-4969-49D1-A063-DCAC1EDF4CAC}
	EndGlobalSection
EndGlobal
